// !$*UTF8*$!
{
	archiveVersion = 1;
	classes = {
	};
	objectVersion = 77;
	objects = {

/* Begin PBXContainerItemProxy section */
		06164DC82D3633FD001F5AE8 /* PBXContainerItemProxy */ = {
			isa = PBXContainerItemProxy;
			containerPortal = 06164DAF2D3633FC001F5AE8 /* Project object */;
			proxyType = 1;
			remoteGlobalIDString = 06164DB62D3633FC001F5AE8;
			remoteInfo = FintellectMobile;
		};
		06164DD22D3633FD001F5AE8 /* PBXContainerItemProxy */ = {
			isa = PBXContainerItemProxy;
			containerPortal = 06164DAF2D3633FC001F5AE8 /* Project object */;
			proxyType = 1;
			remoteGlobalIDString = 06164DB62D3633FC001F5AE8;
			remoteInfo = FintellectMobile;
		};
/* End PBXContainerItemProxy section */

/* Begin PBXFileReference section */
		06164DB72D3633FC001F5AE8 /* FintellectMobile.app */ = {isa = PBXFileReference; explicitFileType = wrapper.application; includeInIndex = 0; path = FintellectMobile.app; sourceTree = BUILT_PRODUCTS_DIR; };
		06164DC72D3633FD001F5AE8 /* FintellectMobileTests.xctest */ = {isa = PBXFileReference; explicitFileType = wrapper.cfbundle; includeInIndex = 0; path = FintellectMobileTests.xctest; sourceTree = BUILT_PRODUCTS_DIR; };
		06164DD12D3633FD001F5AE8 /* FintellectMobileUITests.xctest */ = {isa = PBXFileReference; explicitFileType = wrapper.cfbundle; includeInIndex = 0; path = FintellectMobileUITests.xctest; sourceTree = BUILT_PRODUCTS_DIR; };
		0654383D2D39E78E00F9757A /* FintellectMobile.xctestplan */ = {isa = PBXFileReference; lastKnownFileType = text; path = FintellectMobile.xctestplan; sourceTree = "<group>"; };
/* End PBXFileReference section */

/* Begin PBXFileSystemSynchronizedBuildFileExceptionSet section */
		0667EF822D37907A00353851 /* Exceptions for "FintellectMobile" folder in "FintellectMobile" target */ = {
			isa = PBXFileSystemSynchronizedBuildFileExceptionSet;
			membershipExceptions = (
				Assets.xcassets,
				"FintellectMobile 2025-01-16 11-27-55/DistributionSummary.plist",
				"FintellectMobile 2025-01-16 11-27-55/ExportOptions.plist",
				"FintellectMobile 2025-01-16 11-27-55/manifest.plist",
				"FintellectMobile 2025-01-16 11-27-55/Packaging.log",
				"Frame 1.png",
				Info.plist,
				"Preview Content/Preview Assets.xcassets",
			);
			target = 06164DB62D3633FC001F5AE8 /* FintellectMobile */;
		};
/* End PBXFileSystemSynchronizedBuildFileExceptionSet section */

/* Begin PBXFileSystemSynchronizedRootGroup section */
		06164DB92D3633FC001F5AE8 /* FintellectMobile */ = {
			isa = PBXFileSystemSynchronizedRootGroup;
			exceptions = (
				0667EF822D37907A00353851 /* Exceptions for "FintellectMobile" folder in "FintellectMobile" target */,
			);
			path = FintellectMobile;
			sourceTree = "<group>";
		};
		06164DCA2D3633FD001F5AE8 /* FintellectMobileTests */ = {
			isa = PBXFileSystemSynchronizedRootGroup;
			path = FintellectMobileTests;
			sourceTree = "<group>";
		};
		06164DD42D3633FD001F5AE8 /* FintellectMobileUITests */ = {
			isa = PBXFileSystemSynchronizedRootGroup;
			path = FintellectMobileUITests;
			sourceTree = "<group>";
		};
/* End PBXFileSystemSynchronizedRootGroup section */

/* Begin PBXFrameworksBuildPhase section */
		06164DB42D3633FC001F5AE8 /* Frameworks */ = {
			isa = PBXFrameworksBuildPhase;
			buildActionMask = 2147483647;
			files = (
			);
			runOnlyForDeploymentPostprocessing = 0;
		};
		06164DC42D3633FD001F5AE8 /* Frameworks */ = {
			isa = PBXFrameworksBuildPhase;
			buildActionMask = 2147483647;
			files = (
			);
			runOnlyForDeploymentPostprocessing = 0;
		};
		06164DCE2D3633FD001F5AE8 /* Frameworks */ = {
			isa = PBXFrameworksBuildPhase;
			buildActionMask = 2147483647;
			files = (
			);
			runOnlyForDeploymentPostprocessing = 0;
		};
/* End PBXFrameworksBuildPhase section */

/* Begin PBXGroup section */
		06164DAE2D3633FC001F5AE8 = {
			isa = PBXGroup;
			children = (
				0654383D2D39E78E00F9757A /* FintellectMobile.xctestplan */,
				06164DB92D3633FC001F5AE8 /* FintellectMobile */,
				06164DCA2D3633FD001F5AE8 /* FintellectMobileTests */,
				06164DD42D3633FD001F5AE8 /* FintellectMobileUITests */,
				06164DB82D3633FC001F5AE8 /* Products */,
			);
			sourceTree = "<group>";
		};
		06164DB82D3633FC001F5AE8 /* Products */ = {
			isa = PBXGroup;
			children = (
				06164DB72D3633FC001F5AE8 /* FintellectMobile.app */,
				06164DC72D3633FD001F5AE8 /* FintellectMobileTests.xctest */,
				06164DD12D3633FD001F5AE8 /* FintellectMobileUITests.xctest */,
			);
			name = Products;
			sourceTree = "<group>";
		};
/* End PBXGroup section */

/* Begin PBXNativeTarget section */
		06164DB62D3633FC001F5AE8 /* FintellectMobile */ = {
			isa = PBXNativeTarget;
			buildConfigurationList = 06164DDB2D3633FD001F5AE8 /* Build configuration list for PBXNativeTarget "FintellectMobile" */;
			buildPhases = (
				06164DB32D3633FC001F5AE8 /* Sources */,
				06164DB42D3633FC001F5AE8 /* Frameworks */,
				06164DB52D3633FC001F5AE8 /* Resources */,
			);
			buildRules = (
			);
			dependencies = (
			);
			fileSystemSynchronizedGroups = (
				06164DB92D3633FC001F5AE8 /* FintellectMobile */,
			);
			name = FintellectMobile;
			packageProductDependencies = (
			);
			productName = FintellectMobile;
			productReference = 06164DB72D3633FC001F5AE8 /* FintellectMobile.app */;
			productType = "com.apple.product-type.application";
		};
		06164DC62D3633FD001F5AE8 /* FintellectMobileTests */ = {
			isa = PBXNativeTarget;
			buildConfigurationList = 06164DDE2D3633FD001F5AE8 /* Build configuration list for PBXNativeTarget "FintellectMobileTests" */;
			buildPhases = (
				06164DC32D3633FD001F5AE8 /* Sources */,
				06164DC42D3633FD001F5AE8 /* Frameworks */,
				06164DC52D3633FD001F5AE8 /* Resources */,
			);
			buildRules = (
			);
			dependencies = (
				06164DC92D3633FD001F5AE8 /* PBXTargetDependency */,
			);
			fileSystemSynchronizedGroups = (
				06164DCA2D3633FD001F5AE8 /* FintellectMobileTests */,
			);
			name = FintellectMobileTests;
			packageProductDependencies = (
			);
			productName = FintellectMobileTests;
			productReference = 06164DC72D3633FD001F5AE8 /* FintellectMobileTests.xctest */;
			productType = "com.apple.product-type.bundle.unit-test";
		};
		06164DD02D3633FD001F5AE8 /* FintellectMobileUITests */ = {
			isa = PBXNativeTarget;
			buildConfigurationList = 06164DE12D3633FD001F5AE8 /* Build configuration list for PBXNativeTarget "FintellectMobileUITests" */;
			buildPhases = (
				06164DCD2D3633FD001F5AE8 /* Sources */,
				06164DCE2D3633FD001F5AE8 /* Frameworks */,
				06164DCF2D3633FD001F5AE8 /* Resources */,
			);
			buildRules = (
			);
			dependencies = (
				06164DD32D3633FD001F5AE8 /* PBXTargetDependency */,
			);
			fileSystemSynchronizedGroups = (
				06164DD42D3633FD001F5AE8 /* FintellectMobileUITests */,
			);
			name = FintellectMobileUITests;
			packageProductDependencies = (
			);
			productName = FintellectMobileUITests;
			productReference = 06164DD12D3633FD001F5AE8 /* FintellectMobileUITests.xctest */;
			productType = "com.apple.product-type.bundle.ui-testing";
		};
/* End PBXNativeTarget section */

/* Begin PBXProject section */
		06164DAF2D3633FC001F5AE8 /* Project object */ = {
			isa = PBXProject;
			attributes = {
				BuildIndependentTargetsInParallel = 1;
				LastSwiftUpdateCheck = 1620;
				LastUpgradeCheck = 1620;
				TargetAttributes = {
					06164DB62D3633FC001F5AE8 = {
						CreatedOnToolsVersion = 16.2;
					};
					06164DC62D3633FD001F5AE8 = {
						CreatedOnToolsVersion = 16.2;
						TestTargetID = 06164DB62D3633FC001F5AE8;
					};
					06164DD02D3633FD001F5AE8 = {
						CreatedOnToolsVersion = 16.2;
						TestTargetID = 06164DB62D3633FC001F5AE8;
					};
				};
			};
			buildConfigurationList = 06164DB22D3633FC001F5AE8 /* Build configuration list for PBXProject "FintellectMobile" */;
			developmentRegion = en;
			hasScannedForEncodings = 0;
			knownRegions = (
				en,
				Base,
			);
			mainGroup = 06164DAE2D3633FC001F5AE8;
			minimizedProjectReferenceProxies = 1;
			preferredProjectObjectVersion = 77;
			productRefGroup = 06164DB82D3633FC001F5AE8 /* Products */;
			projectDirPath = "";
			projectRoot = "";
			targets = (
				06164DB62D3633FC001F5AE8 /* FintellectMobile */,
				06164DC62D3633FD001F5AE8 /* FintellectMobileTests */,
				06164DD02D3633FD001F5AE8 /* FintellectMobileUITests */,
			);
		};
/* End PBXProject section */

/* Begin PBXResourcesBuildPhase section */
		06164DB52D3633FC001F5AE8 /* Resources */ = {
			isa = PBXResourcesBuildPhase;
			buildActionMask = 2147483647;
			files = (
			);
			runOnlyForDeploymentPostprocessing = 0;
		};
		06164DC52D3633FD001F5AE8 /* Resources */ = {
			isa = PBXResourcesBuildPhase;
			buildActionMask = 2147483647;
			files = (
			);
			runOnlyForDeploymentPostprocessing = 0;
		};
		06164DCF2D3633FD001F5AE8 /* Resources */ = {
			isa = PBXResourcesBuildPhase;
			buildActionMask = 2147483647;
			files = (
			);
			runOnlyForDeploymentPostprocessing = 0;
		};
/* End PBXResourcesBuildPhase section */

/* Begin PBXSourcesBuildPhase section */
		06164DB32D3633FC001F5AE8 /* Sources */ = {
			isa = PBXSourcesBuildPhase;
			buildActionMask = 2147483647;
			files = (
			);
			runOnlyForDeploymentPostprocessing = 0;
		};
		06164DC32D3633FD001F5AE8 /* Sources */ = {
			isa = PBXSourcesBuildPhase;
			buildActionMask = 2147483647;
			files = (
			);
			runOnlyForDeploymentPostprocessing = 0;
		};
		06164DCD2D3633FD001F5AE8 /* Sources */ = {
			isa = PBXSourcesBuildPhase;
			buildActionMask = 2147483647;
			files = (
			);
			runOnlyForDeploymentPostprocessing = 0;
		};
/* End PBXSourcesBuildPhase section */

/* Begin PBXTargetDependency section */
		06164DC92D3633FD001F5AE8 /* PBXTargetDependency */ = {
			isa = PBXTargetDependency;
			target = 06164DB62D3633FC001F5AE8 /* FintellectMobile */;
			targetProxy = 06164DC82D3633FD001F5AE8 /* PBXContainerItemProxy */;
		};
		06164DD32D3633FD001F5AE8 /* PBXTargetDependency */ = {
			isa = PBXTargetDependency;
			target = 06164DB62D3633FC001F5AE8 /* FintellectMobile */;
			targetProxy = 06164DD22D3633FD001F5AE8 /* PBXContainerItemProxy */;
		};
/* End PBXTargetDependency section */

/* Begin XCBuildConfiguration section */
		06164DD92D3633FD001F5AE8 /* Debug */ = {
			isa = XCBuildConfiguration;
			buildSettings = {
				ALWAYS_SEARCH_USER_PATHS = NO;
				ASSETCATALOG_COMPILER_GENERATE_SWIFT_ASSET_SYMBOL_EXTENSIONS = YES;
				CLANG_ANALYZER_NONNULL = YES;
				CLANG_ANALYZER_NUMBER_OBJECT_CONVERSION = YES_AGGRESSIVE;
				CLANG_CXX_LANGUAGE_STANDARD = "gnu++20";
				CLANG_ENABLE_MODULES = YES;
				CLANG_ENABLE_OBJC_ARC = YES;
				CLANG_ENABLE_OBJC_WEAK = YES;
				CLANG_WARN_BLOCK_CAPTURE_AUTORELEASING = YES;
				CLANG_WARN_BOOL_CONVERSION = YES;
				CLANG_WARN_COMMA = YES;
				CLANG_WARN_CONSTANT_CONVERSION = YES;
				CLANG_WARN_DEPRECATED_OBJC_IMPLEMENTATIONS = YES;
				CLANG_WARN_DIRECT_OBJC_ISA_USAGE = YES_ERROR;
				CLANG_WARN_DOCUMENTATION_COMMENTS = YES;
				CLANG_WARN_EMPTY_BODY = YES;
				CLANG_WARN_ENUM_CONVERSION = YES;
				CLANG_WARN_INFINITE_RECURSION = YES;
				CLANG_WARN_INT_CONVERSION = YES;
				CLANG_WARN_NON_LITERAL_NULL_CONVERSION = YES;
				CLANG_WARN_OBJC_IMPLICIT_RETAIN_SELF = YES;
				CLANG_WARN_OBJC_LITERAL_CONVERSION = YES;
				CLANG_WARN_OBJC_ROOT_CLASS = YES_ERROR;
				CLANG_WARN_QUOTED_INCLUDE_IN_FRAMEWORK_HEADER = YES;
				CLANG_WARN_RANGE_LOOP_ANALYSIS = YES;
				CLANG_WARN_STRICT_PROTOTYPES = YES;
				CLANG_WARN_SUSPICIOUS_MOVE = YES;
				CLANG_WARN_UNGUARDED_AVAILABILITY = YES_AGGRESSIVE;
				CLANG_WARN_UNREACHABLE_CODE = YES;
				CLANG_WARN__DUPLICATE_METHOD_MATCH = YES;
				COPY_PHASE_STRIP = NO;
				DEBUG_INFORMATION_FORMAT = dwarf;
				ENABLE_STRICT_OBJC_MSGSEND = YES;
				ENABLE_TESTABILITY = YES;
				ENABLE_USER_SCRIPT_SANDBOXING = YES;
				GCC_C_LANGUAGE_STANDARD = gnu17;
				GCC_DYNAMIC_NO_PIC = NO;
				GCC_NO_COMMON_BLOCKS = YES;
				GCC_OPTIMIZATION_LEVEL = 0;
				GCC_PREPROCESSOR_DEFINITIONS = (
					"DEBUG=1",
					"$(inherited)",
				);
				GCC_WARN_64_TO_32_BIT_CONVERSION = YES;
				GCC_WARN_ABOUT_RETURN_TYPE = YES_ERROR;
				GCC_WARN_UNDECLARED_SELECTOR = YES;
				GCC_WARN_UNINITIALIZED_AUTOS = YES_AGGRESSIVE;
				GCC_WARN_UNUSED_FUNCTION = YES;
				GCC_WARN_UNUSED_VARIABLE = YES;
				IPHONEOS_DEPLOYMENT_TARGET = 18.2;
				LOCALIZATION_PREFERS_STRING_CATALOGS = YES;
				MTL_ENABLE_DEBUG_INFO = INCLUDE_SOURCE;
				MTL_FAST_MATH = YES;
				ONLY_ACTIVE_ARCH = YES;
				SDKROOT = iphoneos;
				SWIFT_ACTIVE_COMPILATION_CONDITIONS = "DEBUG $(inherited)";
				SWIFT_OPTIMIZATION_LEVEL = "-Onone";
			};
			name = Debug;
		};
		06164DDA2D3633FD001F5AE8 /* Release */ = {
			isa = XCBuildConfiguration;
			buildSettings = {
				ALWAYS_SEARCH_USER_PATHS = NO;
				ASSETCATALOG_COMPILER_GENERATE_SWIFT_ASSET_SYMBOL_EXTENSIONS = YES;
				CLANG_ANALYZER_NONNULL = YES;
				CLANG_ANALYZER_NUMBER_OBJECT_CONVERSION = YES_AGGRESSIVE;
				CLANG_CXX_LANGUAGE_STANDARD = "gnu++20";
				CLANG_ENABLE_MODULES = YES;
				CLANG_ENABLE_OBJC_ARC = YES;
				CLANG_ENABLE_OBJC_WEAK = YES;
				CLANG_WARN_BLOCK_CAPTURE_AUTORELEASING = YES;
				CLANG_WARN_BOOL_CONVERSION = YES;
				CLANG_WARN_COMMA = YES;
				CLANG_WARN_CONSTANT_CONVERSION = YES;
				CLANG_WARN_DEPRECATED_OBJC_IMPLEMENTATIONS = YES;
				CLANG_WARN_DIRECT_OBJC_ISA_USAGE = YES_ERROR;
				CLANG_WARN_DOCUMENTATION_COMMENTS = YES;
				CLANG_WARN_EMPTY_BODY = YES;
				CLANG_WARN_ENUM_CONVERSION = YES;
				CLANG_WARN_INFINITE_RECURSION = YES;
				CLANG_WARN_INT_CONVERSION = YES;
				CLANG_WARN_NON_LITERAL_NULL_CONVERSION = YES;
				CLANG_WARN_OBJC_IMPLICIT_RETAIN_SELF = YES;
				CLANG_WARN_OBJC_LITERAL_CONVERSION = YES;
				CLANG_WARN_OBJC_ROOT_CLASS = YES_ERROR;
				CLANG_WARN_QUOTED_INCLUDE_IN_FRAMEWORK_HEADER = YES;
				CLANG_WARN_RANGE_LOOP_ANALYSIS = YES;
				CLANG_WARN_STRICT_PROTOTYPES = YES;
				CLANG_WARN_SUSPICIOUS_MOVE = YES;
				CLANG_WARN_UNGUARDED_AVAILABILITY = YES_AGGRESSIVE;
				CLANG_WARN_UNREACHABLE_CODE = YES;
				CLANG_WARN__DUPLICATE_METHOD_MATCH = YES;
				COPY_PHASE_STRIP = NO;
				DEBUG_INFORMATION_FORMAT = "dwarf-with-dsym";
				ENABLE_NS_ASSERTIONS = NO;
				ENABLE_STRICT_OBJC_MSGSEND = YES;
				ENABLE_USER_SCRIPT_SANDBOXING = YES;
				GCC_C_LANGUAGE_STANDARD = gnu17;
				GCC_NO_COMMON_BLOCKS = YES;
				GCC_WARN_64_TO_32_BIT_CONVERSION = YES;
				GCC_WARN_ABOUT_RETURN_TYPE = YES_ERROR;
				GCC_WARN_UNDECLARED_SELECTOR = YES;
				GCC_WARN_UNINITIALIZED_AUTOS = YES_AGGRESSIVE;
				GCC_WARN_UNUSED_FUNCTION = YES;
				GCC_WARN_UNUSED_VARIABLE = YES;
				IPHONEOS_DEPLOYMENT_TARGET = 18.2;
				LOCALIZATION_PREFERS_STRING_CATALOGS = YES;
				MTL_ENABLE_DEBUG_INFO = NO;
				MTL_FAST_MATH = YES;
				SDKROOT = iphoneos;
				SWIFT_COMPILATION_MODE = wholemodule;
				VALIDATE_PRODUCT = YES;
			};
			name = Release;
		};
		06164DDC2D3633FD001F5AE8 /* Debug */ = {
			isa = XCBuildConfiguration;
			buildSettings = {
				ASSETCATALOG_COMPILER_APPICON_NAME = AppIcon;
				ASSETCATALOG_COMPILER_GLOBAL_ACCENT_COLOR_NAME = AccentColor;
				CODE_SIGN_ENTITLEMENTS = FintellectMobile/FintellectMobile.entitlements;
				CODE_SIGN_STYLE = Automatic;
				CURRENT_PROJECT_VERSION = 1;
				DEVELOPMENT_ASSET_PATHS = "\"FintellectMobile/Preview Content\"";
				DEVELOPMENT_TEAM = 5HP4X6G5VH;
				ENABLE_PREVIEWS = YES;
				GENERATE_INFOPLIST_FILE = YES;
				INFOPLIST_FILE = FintellectMobile/Info.plist;
				INFOPLIST_KEY_UIApplicationSceneManifest_Generation = YES;
				INFOPLIST_KEY_UIApplicationSupportsIndirectInputEvents = YES;
				INFOPLIST_KEY_UILaunchScreen_Generation = YES;
				INFOPLIST_KEY_UISupportedInterfaceOrientations_iPad = "UIInterfaceOrientationPortrait UIInterfaceOrientationPortraitUpsideDown UIInterfaceOrientationLandscapeLeft UIInterfaceOrientationLandscapeRight";
				INFOPLIST_KEY_UISupportedInterfaceOrientations_iPhone = "UIInterfaceOrientationPortrait UIInterfaceOrientationLandscapeLeft UIInterfaceOrientationLandscapeRight";
				LD_RUNPATH_SEARCH_PATHS = (
					"$(inherited)",
					"@executable_path/Frameworks",
				);
				MARKETING_VERSION = 1.0;
				PRODUCT_BUNDLE_IDENTIFIER = mobile.FintellectMobile;
				PRODUCT_NAME = "$(TARGET_NAME)";
				SWIFT_EMIT_LOC_STRINGS = YES;
				SWIFT_VERSION = 5.0;
				TARGETED_DEVICE_FAMILY = "1,2";
			};
			name = Debug;
		};
		06164DDD2D3633FD001F5AE8 /* Release */ = {
			isa = XCBuildConfiguration;
			buildSettings = {
				ASSETCATALOG_COMPILER_APPICON_NAME = AppIcon;
				ASSETCATALOG_COMPILER_GLOBAL_ACCENT_COLOR_NAME = AccentColor;
				CODE_SIGN_ENTITLEMENTS = FintellectMobile/FintellectMobile.entitlements;
				CODE_SIGN_STYLE = Automatic;
				CURRENT_PROJECT_VERSION = 1;
				DEVELOPMENT_ASSET_PATHS = "\"FintellectMobile/Preview Content\"";
				DEVELOPMENT_TEAM = 5HP4X6G5VH;
				ENABLE_PREVIEWS = YES;
				GENERATE_INFOPLIST_FILE = YES;
				INFOPLIST_FILE = FintellectMobile/Info.plist;
				INFOPLIST_KEY_UIApplicationSceneManifest_Generation = YES;
				INFOPLIST_KEY_UIApplicationSupportsIndirectInputEvents = YES;
				INFOPLIST_KEY_UILaunchScreen_Generation = YES;
				INFOPLIST_KEY_UISupportedInterfaceOrientations_iPad = "UIInterfaceOrientationPortrait UIInterfaceOrientationPortraitUpsideDown UIInterfaceOrientationLandscapeLeft UIInterfaceOrientationLandscapeRight";
				INFOPLIST_KEY_UISupportedInterfaceOrientations_iPhone = "UIInterfaceOrientationPortrait UIInterfaceOrientationLandscapeLeft UIInterfaceOrientationLandscapeRight";
				LD_RUNPATH_SEARCH_PATHS = (
					"$(inherited)",
					"@executable_path/Frameworks",
				);
				MARKETING_VERSION = 1.0;
				PRODUCT_BUNDLE_IDENTIFIER = mobile.FintellectMobile;
				PRODUCT_NAME = "$(TARGET_NAME)";
				SWIFT_EMIT_LOC_STRINGS = YES;
				SWIFT_VERSION = 5.0;
				TARGETED_DEVICE_FAMILY = "1,2";
			};
			name = Release;
		};
		06164DDF2D3633FD001F5AE8 /* Debug */ = {
			isa = XCBuildConfiguration;
			buildSettings = {
				BUNDLE_LOADER = "$(TEST_HOST)";
				CODE_SIGN_STYLE = Automatic;
				CURRENT_PROJECT_VERSION = 1;
				DEVELOPMENT_TEAM = 5HP4X6G5VH;
				GENERATE_INFOPLIST_FILE = YES;
				IPHONEOS_DEPLOYMENT_TARGET = 18.2;
				MARKETING_VERSION = 1.0;
				PRODUCT_BUNDLE_IDENTIFIER = mobile.FintellectMobileTests;
				PRODUCT_NAME = "$(TARGET_NAME)";
				SWIFT_EMIT_LOC_STRINGS = NO;
				SWIFT_VERSION = 5.0;
				TARGETED_DEVICE_FAMILY = "1,2";
				TEST_HOST = "$(BUILT_PRODUCTS_DIR)/FintellectMobile.app/$(BUNDLE_EXECUTABLE_FOLDER_PATH)/FintellectMobile";
			};
			name = Debug;
		};
		06164DE02D3633FD001F5AE8 /* Release */ = {
			isa = XCBuildConfiguration;
			buildSettings = {
				BUNDLE_LOADER = "$(TEST_HOST)";
				CODE_SIGN_STYLE = Automatic;
				CURRENT_PROJECT_VERSION = 1;
				DEVELOPMENT_TEAM = 5HP4X6G5VH;
				GENERATE_INFOPLIST_FILE = YES;
				IPHONEOS_DEPLOYMENT_TARGET = 18.2;
				MARKETING_VERSION = 1.0;
				PRODUCT_BUNDLE_IDENTIFIER = mobile.FintellectMobileTests;
				PRODUCT_NAME = "$(TARGET_NAME)";
				SWIFT_EMIT_LOC_STRINGS = NO;
				SWIFT_VERSION = 5.0;
				TARGETED_DEVICE_FAMILY = "1,2";
				TEST_HOST = "$(BUILT_PRODUCTS_DIR)/FintellectMobile.app/$(BUNDLE_EXECUTABLE_FOLDER_PATH)/FintellectMobile";
			};
			name = Release;
		};
		06164DE22D3633FD001F5AE8 /* Debug */ = {
			isa = XCBuildConfiguration;
			buildSettings = {
				CODE_SIGN_STYLE = Automatic;
				CURRENT_PROJECT_VERSION = 1;
				DEVELOPMENT_TEAM = 5HP4X6G5VH;
				GENERATE_INFOPLIST_FILE = YES;
				MARKETING_VERSION = 1.0;
				PRODUCT_BUNDLE_IDENTIFIER = mobile.FintellectMobileUITests;
				PRODUCT_NAME = "$(TARGET_NAME)";
				SWIFT_EMIT_LOC_STRINGS = NO;
				SWIFT_VERSION = 5.0;
				TARGETED_DEVICE_FAMILY = "1,2";
				TEST_TARGET_NAME = FintellectMobile;
			};
			name = Debug;
		};
		06164DE32D3633FD001F5AE8 /* Release */ = {
			isa = XCBuildConfiguration;
			buildSettings = {
				CODE_SIGN_STYLE = Automatic;
				CURRENT_PROJECT_VERSION = 1;
				DEVELOPMENT_TEAM = 5HP4X6G5VH;
				GENERATE_INFOPLIST_FILE = YES;
				MARKETING_VERSION = 1.0;
				PRODUCT_BUNDLE_IDENTIFIER = mobile.FintellectMobileUITests;
				PRODUCT_NAME = "$(TARGET_NAME)";
				SWIFT_EMIT_LOC_STRINGS = NO;
				SWIFT_VERSION = 5.0;
				TARGETED_DEVICE_FAMILY = "1,2";
				TEST_TARGET_NAME = FintellectMobile;
			};
			name = Release;
		};
/* End XCBuildConfiguration section */

/* Begin XCConfigurationList section */
		06164DB22D3633FC001F5AE8 /* Build configuration list for PBXProject "FintellectMobile" */ = {
			isa = XCConfigurationList;
			buildConfigurations = (
				06164DD92D3633FD001F5AE8 /* Debug */,
				06164DDA2D3633FD001F5AE8 /* Release */,
			);
			defaultConfigurationIsVisible = 0;
			defaultConfigurationName = Release;
		};
		06164DDB2D3633FD001F5AE8 /* Build configuration list for PBXNativeTarget "FintellectMobile" */ = {
			isa = XCConfigurationList;
			buildConfigurations = (
				06164DDC2D3633FD001F5AE8 /* Debug */,
				06164DDD2D3633FD001F5AE8 /* Release */,
			);
			defaultConfigurationIsVisible = 0;
			defaultConfigurationName = Release;
		};
		06164DDE2D3633FD001F5AE8 /* Build configuration list for PBXNativeTarget "FintellectMobileTests" */ = {
			isa = XCConfigurationList;
			buildConfigurations = (
				06164DDF2D3633FD001F5AE8 /* Debug */,
				06164DE02D3633FD001F5AE8 /* Release */,
			);
			defaultConfigurationIsVisible = 0;
			defaultConfigurationName = Release;
		};
		06164DE12D3633FD001F5AE8 /* Build configuration list for PBXNativeTarget "FintellectMobileUITests" */ = {
			isa = XCConfigurationList;
			buildConfigurations = (
				06164DE22D3633FD001F5AE8 /* Debug */,
				06164DE32D3633FD001F5AE8 /* Release */,
			);
			defaultConfigurationIsVisible = 0;
			defaultConfigurationName = Release;
		};
/* End XCConfigurationList section */
	};
	rootObject = 06164DAF2D3633FC001F5AE8 /* Project object */;
}
